
Microsoft Visual Studio Solution File, Format Version 12.00
# Visual Studio Version 16
VisualStudioVersion = 16.0.30011.22
MinimumVisualStudioVersion = 10.0.40219.1
Project("{9A19103F-16F7-4668-BE54-9A1E7A4F7556}") = "ContactListAPI", "ContactListAPI\ContactListAPI.csproj", "{512814D0-6C33-40F0-9773-D337054D802B}"
	ProjectSection(ProjectDependencies) = postProject
		{E8D6D36A-75A9-467F-8850-4DBD05187177} = {E8D6D36A-75A9-467F-8850-4DBD05187177}
	EndProjectSection
EndProject
Project("{9A19103F-16F7-4668-BE54-9A1E7A4F7556}") = "ContactListWeb", "ContactListWeb\ContactListWeb.csproj", "{E8D6D36A-75A9-467F-8850-4DBD05187177}"
EndProject
Global
	GlobalSection(SolutionConfigurationPlatforms) = preSolution
		Debug|Any CPU = Debug|Any CPU
		Release|Any CPU = Release|Any CPU
	EndGlobalSection
	GlobalSection(ProjectConfigurationPlatforms) = postSolution
		{512814D0-6C33-40F0-9773-D337054D802B}.Debug|Any CPU.ActiveCfg = Debug|Any CPU
		{512814D0-6C33-40F0-9773-D337054D802B}.Debug|Any CPU.Build.0 = Debug|Any CPU
		{512814D0-6C33-40F0-9773-D337054D802B}.Release|Any CPU.ActiveCfg = Release|Any CPU
		{512814D0-6C33-40F0-9773-D337054D802B}.Release|Any CPU.Build.0 = Release|Any CPU
		{E8D6D36A-75A9-467F-8850-4DBD05187177}.Debug|Any CPU.ActiveCfg = Debug|Any CPU
		{E8D6D36A-75A9-467F-8850-4DBD05187177}.Debug|Any CPU.Build.0 = Debug|Any CPU
		{E8D6D36A-75A9-467F-8850-4DBD05187177}.Release|Any CPU.ActiveCfg = Release|Any CPU
		{E8D6D36A-75A9-467F-8850-4DBD05187177}.Release|Any CPU.Build.0 = Release|Any CPU
	EndGlobalSection
	GlobalSection(SolutionProperties) = preSolution
		HideSolutionNode = FALSE
	EndGlobalSection
	GlobalSection(ExtensibilityGlobals) = postSolution
		SolutionGuid = {B76B55E3-E4B7-4C68-9927-998036340E9F}
	EndGlobalSection
EndGlobal
